
Microsoft Visual Studio Solution File, Format Version 12.00
Project("{FAE04EC0-301F-11D3-BF4B-00C04F79EFBC}") = "AppRuner", "AppRuner\AppRuner.csproj", "{A5369FE7-908B-4733-9574-C0B5F7DB33C2}"
EndProject
Project("{FAE04EC0-301F-11D3-BF4B-00C04F79EFBC}") = "AppCore", "AppCore\AppCore.csproj", "{99DA6A7F-A3DF-4233-97CE-C8CA74361912}"
EndProject
Project("{FAE04EC0-301F-11D3-BF4B-00C04F79EFBC}") = "AppServices", "AppServices\AppServices.csproj", "{CF077921-6DC7-43AB-A31D-B68EE49CAFEF}"
EndProject
Project("{FAE04EC0-301F-11D3-BF4B-00C04F79EFBC}") = "ApiInfrastructure", "ApiInfrastructure\ApiInfrastructure.csproj", "{D883B296-E75A-45A1-97E3-22C8FFF9E884}"
EndProject
Project("{FAE04EC0-301F-11D3-BF4B-00C04F79EFBC}") = "University", "University\University.csproj", "{5BF4C37D-5316-45DE-B8D0-BBE1E8310E26}"
EndProject
Global
	GlobalSection(SolutionConfigurationPlatforms) = preSolution
		Debug|Any CPU = Debug|Any CPU
		Release|Any CPU = Release|Any CPU
	EndGlobalSection
	GlobalSection(ProjectConfigurationPlatforms) = postSolution
		{A5369FE7-908B-4733-9574-C0B5F7DB33C2}.Debug|Any CPU.ActiveCfg = Debug|Any CPU
		{A5369FE7-908B-4733-9574-C0B5F7DB33C2}.Debug|Any CPU.Build.0 = Debug|Any CPU
		{A5369FE7-908B-4733-9574-C0B5F7DB33C2}.Release|Any CPU.ActiveCfg = Release|Any CPU
		{A5369FE7-908B-4733-9574-C0B5F7DB33C2}.Release|Any CPU.Build.0 = Release|Any CPU
		{99DA6A7F-A3DF-4233-97CE-C8CA74361912}.Debug|Any CPU.ActiveCfg = Debug|Any CPU
		{99DA6A7F-A3DF-4233-97CE-C8CA74361912}.Debug|Any CPU.Build.0 = Debug|Any CPU
		{99DA6A7F-A3DF-4233-97CE-C8CA74361912}.Release|Any CPU.ActiveCfg = Release|Any CPU
		{99DA6A7F-A3DF-4233-97CE-C8CA74361912}.Release|Any CPU.Build.0 = Release|Any CPU
		{CF077921-6DC7-43AB-A31D-B68EE49CAFEF}.Debug|Any CPU.ActiveCfg = Debug|Any CPU
		{CF077921-6DC7-43AB-A31D-B68EE49CAFEF}.Debug|Any CPU.Build.0 = Debug|Any CPU
		{CF077921-6DC7-43AB-A31D-B68EE49CAFEF}.Release|Any CPU.ActiveCfg = Release|Any CPU
		{CF077921-6DC7-43AB-A31D-B68EE49CAFEF}.Release|Any CPU.Build.0 = Release|Any CPU
		{D883B296-E75A-45A1-97E3-22C8FFF9E884}.Debug|Any CPU.ActiveCfg = Debug|Any CPU
		{D883B296-E75A-45A1-97E3-22C8FFF9E884}.Debug|Any CPU.Build.0 = Debug|Any CPU
		{D883B296-E75A-45A1-97E3-22C8FFF9E884}.Release|Any CPU.ActiveCfg = Release|Any CPU
		{D883B296-E75A-45A1-97E3-22C8FFF9E884}.Release|Any CPU.Build.0 = Release|Any CPU
		{5BF4C37D-5316-45DE-B8D0-BBE1E8310E26}.Debug|Any CPU.ActiveCfg = Debug|Any CPU
		{5BF4C37D-5316-45DE-B8D0-BBE1E8310E26}.Debug|Any CPU.Build.0 = Debug|Any CPU
		{5BF4C37D-5316-45DE-B8D0-BBE1E8310E26}.Release|Any CPU.ActiveCfg = Release|Any CPU
		{5BF4C37D-5316-45DE-B8D0-BBE1E8310E26}.Release|Any CPU.Build.0 = Release|Any CPU
	EndGlobalSection
EndGlobal
